
Microsoft Visual Studio Solution File, Format Version 12.00
# Visual Studio Version 17
VisualStudioVersion = 17.8.34322.80
MinimumVisualStudioVersion = 10.0.40219.1
Project("{FAE04EC0-301F-11D3-BF4B-00C04F79EFBC}") = "Photographs", "Photographs\Photographs.csproj", "{878C2C56-F3C9-4023-9E71-8D59C6E1B753}"
EndProject
Project("{FAE04EC0-301F-11D3-BF4B-00C04F79EFBC}") = "BuisnessLogic", "BuisnessLogic\BuisnessLogic.csproj", "{6393EB17-7635-49FC-BC31-7B03F28BD732}"
EndProject
Project("{FAE04EC0-301F-11D3-BF4B-00C04F79EFBC}") = "DataAccess", "DataAccess\DataAccess.csproj", "{89F191B1-8144-4E25-BAC8-AC96BEFD39B4}"
EndProject
Global
	GlobalSection(SolutionConfigurationPlatforms) = preSolution
		Debug|Any CPU = Debug|Any CPU
		Release|Any CPU = Release|Any CPU
	EndGlobalSection
	GlobalSection(ProjectConfigurationPlatforms) = postSolution
		{878C2C56-F3C9-4023-9E71-8D59C6E1B753}.Debug|Any CPU.ActiveCfg = Debug|Any CPU
		{878C2C56-F3C9-4023-9E71-8D59C6E1B753}.Debug|Any CPU.Build.0 = Debug|Any CPU
		{878C2C56-F3C9-4023-9E71-8D59C6E1B753}.Release|Any CPU.ActiveCfg = Release|Any CPU
		{878C2C56-F3C9-4023-9E71-8D59C6E1B753}.Release|Any CPU.Build.0 = Release|Any CPU
		{6393EB17-7635-49FC-BC31-7B03F28BD732}.Debug|Any CPU.ActiveCfg = Debug|Any CPU
		{6393EB17-7635-49FC-BC31-7B03F28BD732}.Debug|Any CPU.Build.0 = Debug|Any CPU
		{6393EB17-7635-49FC-BC31-7B03F28BD732}.Release|Any CPU.ActiveCfg = Release|Any CPU
		{6393EB17-7635-49FC-BC31-7B03F28BD732}.Release|Any CPU.Build.0 = Release|Any CPU
		{89F191B1-8144-4E25-BAC8-AC96BEFD39B4}.Debug|Any CPU.ActiveCfg = Debug|Any CPU
		{89F191B1-8144-4E25-BAC8-AC96BEFD39B4}.Debug|Any CPU.Build.0 = Debug|Any CPU
		{89F191B1-8144-4E25-BAC8-AC96BEFD39B4}.Release|Any CPU.ActiveCfg = Release|Any CPU
		{89F191B1-8144-4E25-BAC8-AC96BEFD39B4}.Release|Any CPU.Build.0 = Release|Any CPU
	EndGlobalSection
	GlobalSection(SolutionProperties) = preSolution
		HideSolutionNode = FALSE
	EndGlobalSection
	GlobalSection(ExtensibilityGlobals) = postSolution
		SolutionGuid = {DD48FBD9-8850-4EDE-8BBD-B48FD3BB1AC4}
	EndGlobalSection
EndGlobal
